github.com/davecgh/go-spew v1.1.0 h1:ZDRjVQ15GmhC3fiQ8ni8+OwkZQO4DARzQgrnXU1Liz8=
github.com/davecgh/go-spew v1.1.0/go.mod h1:J7Y8YcW2NihsgmVo/mv3lAwl/skON4iLHjSsI+c5H38=
github.com/fsnotify/fsnotify v1.4.9 h1:hsms1Qyu0jgnwNXIxa+/V/PDsU6CfLf6CNO8H7IWoS4=
github.com/fsnotify/fsnotify v1.4.9/go.mod h1:znqG4EE+3YCdAaPaxE2ZRY/06pZUdp0tY4IgpuI1SZQ=
github.com/godbus/dbus/v5 v5.1.0 h1:4KLkAxT3aOY8Li4FRJe/KvhoNFFxo0m6fNuFUO8QJUk=
github.com/godbus/dbus/v5 v5.1.0/go.mod h1:xhWf0FNVPg57R7Z0UbKHbJfkEywrmjJnf7w5xrFpKfA=
github.com/pmezard/go-difflib v1.0.0 h1:4DBwDE0NGyQoBHbLQYPwSUPoCMWR5BEzIk/f1lZbAQM=
github.com/pmezard/go-difflib v1.0.0/go.mod h1:iKH77koFhYxTK1pcRnkKkqfTogsbg7gZNVY4sRDYZ/4=
github.com/slytomcat/llog v0.0.0-20190104202300-c8978e4fae9a/go.mod h1:l0Mcs3u4uKFjQZ1W5luGEPMznBpNtR+AoBJs5/XSp3o=
github.com/slytomcat/llog v0.0.0-20190608164820-ef109560700b h1:dA052uHDSetWtfSVIhqOQN4mnUN+KqDS2cBt/0UsrwQ=
github.com/slytomcat/llog v0.0.0-20190608164820-ef109560700b/go.mod h1:l0Mcs3u4uKFjQZ1W5luGEPMznBpNtR+AoBJs5/XSp3o=
github.com/slytomcat/systray v1.10.1-0.20220529234215-14951b8e6360 h1:eziiml9c1jF+AqjgwhE3nwjZbcVBAiN4Ht0md2WmNPI=
github.com/slytomcat/systray v1.10.1-0.20220529234215-14951b8e6360/go.mod h1:UyMmnc5TrZp3JdLFS8wGUMSQSnFoliaj4rsO3bZwpis=
github.com/slytomcat/systray v1.10.1-0.20220530000058-ba5cceb0edbd h1:tTdOZ3sX3jdr/BfIO0xlvPRUotpwS72C7hu5daQRznk=
github.com/slytomcat/systray v1.10.1-0.20220530000058-ba5cceb0edbd/go.mod h1:UyMmnc5TrZp3JdLFS8wGUMSQSnFoliaj4rsO3bZwpis=
github.com/slytomcat/systray v1.10.1-0.20220530201735-a670a1b6fe36 h1:q49oPY632EwdTDI+oF/QhvPmO12Vgg01J98quSfBWR8=
github.com/slytomcat/systray v1.10.1-0.20220530201735-a670a1b6fe36/go.mod h1:UyMmnc5TrZp3JdLFS8wGUMSQSnFoliaj4rsO3bZwpis=
github.com/slytomcat/ydisk v0.0.0-20210515140044-a9cd54f2bbb7 h1:EI1vrgTpx0SJmLOrau1lKOjoQZJgD8nqmsmDo5m2mzc=
github.com/slytomcat/ydisk v0.0.0-20210515140044-a9cd54f2bbb7/go.mod h1:HGKn4ml8RTHFmLPT6IvQampuLo0s/pBm6G48J79fBYM=
github.com/stretchr/objx v0.1.0/go.mod h1:HFkY916IF+rwdDfMAkV7OtwuqBVzrE8GR6GFx+wExME=
github.com/stretchr/testify v1.7.1 h1:5TQK59W5E3v0r2duFAb7P95B6hEeOyEnHRa8MjYSMTY=
github.com/stretchr/testify v1.7.1/go.mod h1:6Fq8oRcR53rry900zMqJjRRixrwX3KX962/h/Wwjteg=
golang.org/x/sys v0.0.0-20191005200804-aed5e4c7ecf9/go.mod h1:h1NjWce9XRLGQEsW7wpKNCjG9DtNlClVuFLEZdDNbEs=
golang.org/x/sys v0.0.0-20200728102440-3e129f6d46b1/go.mod h1:h1NjWce9XRLGQEsW7wpKNCjG9DtNlClVuFLEZdDNbEs=
golang.org/x/sys v0.0.0-20220520151302-bc2c85ada10a h1:dGzPydgVsqGcTRVwiLJ1jVbufYwmzD3LfVPLKsKg+0k=
golang.org/x/sys v0.0.0-20220520151302-bc2c85ada10a/go.mod h1:oPkhp1MJrh7nUepCBck5+mAzfO9JrbApNNgaTdGDITg=
golang.org/x/text v0.3.7 h1:olpwvP2KacW1ZWvsR7uQhoyTYvKAupfQrRGBFM352Gk=
golang.org/x/text v0.3.7/go.mod h1:u+2+/6zg+i71rQMx5EYifcz6MCKuco9NR6JIITiCfzQ=
gopkg.in/check.v1 v0.0.0-20161208181325-20d25e280405 h1:yhCVgyC4o1eVCa2tZl7eS0r+SDo693bJlVdllGtEeKM=
gopkg.in/check.v1 v0.0.0-20161208181325-20d25e280405/go.mod h1:Co6ibVJAznAaIkqp8huTwlJQCZ016jof/cbN4VW5Yz0=
gopkg.in/yaml.v3 v3.0.0-20200313102051-9f266ea9e77c h1:dUUwHk2QECo/6vqA44rthZ8ie2QXMNeKRTHCNY2nXvo=
gopkg.in/yaml.v3 v3.0.0-20200313102051-9f266ea9e77c/go.mod h1:K4uyk7z7BCEPqu6E+C64Yfv1cQ7kz7rIZviUmN+EgEM=
